# THIS IS AN AUTOGENERATED FILE. DO NOT EDIT THIS FILE DIRECTLY.
# yarn lockfile v1


"@jridgewell/sourcemap-codec@^1.4.15":
  version "1.4.15"
  resolved "https://registry.yarnpkg.com/@jridgewell/sourcemap-codec/-/sourcemap-codec-1.4.15.tgz#d7c6e6755c78567a951e04ab52ef0fd26de59f32"
  integrity sha512-eF2rxCRulEKXHTRiDrDy6erMYWqNw4LPdQ8UQA4huuxaQsVeRPFl2oM8oDGxMFhJUWZf9McpLtJasDDZb/Bpeg==

"@rollup/plugin-commonjs@^25.0.7":
  version "25.0.7"
  resolved "https://registry.yarnpkg.com/@rollup/plugin-commonjs/-/plugin-commonjs-25.0.7.tgz#145cec7589ad952171aeb6a585bbeabd0fd3b4cf"
  integrity sha512-nEvcR+LRjEjsaSsc4x3XZfCCvZIaSMenZu/OiwOKGN2UhQpAYI7ru7czFvyWbErlpoGjnSX3D5Ch5FcMA3kRWQ==
  dependencies:
    "@rollup/pluginutils" "^5.0.1"
    commondir "^1.0.1"
    estree-walker "^2.0.2"
    glob "^8.0.3"
    is-reference "1.2.1"
    magic-string "^0.30.3"

"@rollup/plugin-node-resolve@^15.2.3":
  version "15.2.3"
  resolved "https://registry.yarnpkg.com/@rollup/plugin-node-resolve/-/plugin-node-resolve-15.2.3.tgz#e5e0b059bd85ca57489492f295ce88c2d4b0daf9"
  integrity sha512-j/lym8nf5E21LwBT4Df1VD6hRO2L2iwUeUmP7litikRsVp1H6NWx20NEp0Y7su+7XGc476GnXXc4kFeZNGmaSQ==
  dependencies:
    "@rollup/pluginutils" "^5.0.1"
    "@types/resolve" "1.20.2"
    deepmerge "^4.2.2"
    is-builtin-module "^3.2.1"
    is-module "^1.0.0"
    resolve "^1.22.1"

"@rollup/plugin-typescript@^11.1.6":
  version "11.1.6"
  resolved "https://registry.yarnpkg.com/@rollup/plugin-typescript/-/plugin-typescript-11.1.6.tgz#724237d5ec12609ec01429f619d2a3e7d4d1b22b"
  integrity sha512-R92yOmIACgYdJ7dJ97p4K69I8gg6IEHt8M7dUBxN3W6nrO8uUxX5ixl0yU/N3aZTi8WhPuICvOHXQvF6FaykAA==
  dependencies:
    "@rollup/pluginutils" "^5.1.0"
    resolve "^1.22.1"

"@rollup/pluginutils@^5.0.1", "@rollup/pluginutils@^5.1.0":
  version "5.1.0"
  resolved "https://registry.yarnpkg.com/@rollup/pluginutils/-/pluginutils-5.1.0.tgz#7e53eddc8c7f483a4ad0b94afb1f7f5fd3c771e0"
  integrity sha512-XTIWOPPcpvyKI6L1NHo0lFlCyznUEyPmPY1mc3KpPVDYulHSTvyeLNVW00QTLIAFNhR3kYnJTQHeGqU4M3n09g==
  dependencies:
    "@types/estree" "^1.0.0"
    estree-walker "^2.0.2"
    picomatch "^2.3.1"

"@rollup/rollup-android-arm-eabi@4.17.2":
  version "4.17.2"
  resolved "https://registry.yarnpkg.com/@rollup/rollup-android-arm-eabi/-/rollup-android-arm-eabi-4.17.2.tgz#1a32112822660ee104c5dd3a7c595e26100d4c2d"
  integrity sha512-NM0jFxY8bB8QLkoKxIQeObCaDlJKewVlIEkuyYKm5An1tdVZ966w2+MPQ2l8LBZLjR+SgyV+nRkTIunzOYBMLQ==

"@rollup/rollup-android-arm64@4.17.2":
  version "4.17.2"
  resolved "https://registry.yarnpkg.com/@rollup/rollup-android-arm64/-/rollup-android-arm64-4.17.2.tgz#5aeef206d65ff4db423f3a93f71af91b28662c5b"
  integrity sha512-yeX/Usk7daNIVwkq2uGoq2BYJKZY1JfyLTaHO/jaiSwi/lsf8fTFoQW/n6IdAsx5tx+iotu2zCJwz8MxI6D/Bw==

"@rollup/rollup-darwin-arm64@4.17.2":
  version "4.17.2"
  resolved "https://registry.yarnpkg.com/@rollup/rollup-darwin-arm64/-/rollup-darwin-arm64-4.17.2.tgz#6b66aaf003c70454c292cd5f0236ebdc6ffbdf1a"
  integrity sha512-kcMLpE6uCwls023+kknm71ug7MZOrtXo+y5p/tsg6jltpDtgQY1Eq5sGfHcQfb+lfuKwhBmEURDga9N0ol4YPw==

"@rollup/rollup-darwin-x64@4.17.2":
  version "4.17.2"
  resolved "https://registry.yarnpkg.com/@rollup/rollup-darwin-x64/-/rollup-darwin-x64-4.17.2.tgz#f64fc51ed12b19f883131ccbcea59fc68cbd6c0b"
  integrity sha512-AtKwD0VEx0zWkL0ZjixEkp5tbNLzX+FCqGG1SvOu993HnSz4qDI6S4kGzubrEJAljpVkhRSlg5bzpV//E6ysTQ==

"@rollup/rollup-linux-arm-gnueabihf@4.17.2":
  version "4.17.2"
  resolved "https://registry.yarnpkg.com/@rollup/rollup-linux-arm-gnueabihf/-/rollup-linux-arm-gnueabihf-4.17.2.tgz#1a7641111be67c10111f7122d1e375d1226cbf14"
  integrity sha512-3reX2fUHqN7sffBNqmEyMQVj/CKhIHZd4y631duy0hZqI8Qoqf6lTtmAKvJFYa6bhU95B1D0WgzHkmTg33In0A==

"@rollup/rollup-linux-arm-musleabihf@4.17.2":
  version "4.17.2"
  resolved "https://registry.yarnpkg.com/@rollup/rollup-linux-arm-musleabihf/-/rollup-linux-arm-musleabihf-4.17.2.tgz#c93fd632923e0fee25aacd2ae414288d0b7455bb"
  integrity sha512-uSqpsp91mheRgw96xtyAGP9FW5ChctTFEoXP0r5FAzj/3ZRv3Uxjtc7taRQSaQM/q85KEKjKsZuiZM3GyUivRg==

"@rollup/rollup-linux-arm64-gnu@4.17.2":
  version "4.17.2"
  resolved "https://registry.yarnpkg.com/@rollup/rollup-linux-arm64-gnu/-/rollup-linux-arm64-gnu-4.17.2.tgz#fa531425dd21d058a630947527b4612d9d0b4a4a"
  integrity sha512-EMMPHkiCRtE8Wdk3Qhtciq6BndLtstqZIroHiiGzB3C5LDJmIZcSzVtLRbwuXuUft1Cnv+9fxuDtDxz3k3EW2A==

"@rollup/rollup-linux-arm64-musl@4.17.2":
  version "4.17.2"
  resolved "https://registry.yarnpkg.com/@rollup/rollup-linux-arm64-musl/-/rollup-linux-arm64-musl-4.17.2.tgz#8acc16f095ceea5854caf7b07e73f7d1802ac5af"
  integrity sha512-NMPylUUZ1i0z/xJUIx6VUhISZDRT+uTWpBcjdv0/zkp7b/bQDF+NfnfdzuTiB1G6HTodgoFa93hp0O1xl+/UbA==

"@rollup/rollup-linux-powerpc64le-gnu@4.17.2":
  version "4.17.2"
  resolved "https://registry.yarnpkg.com/@rollup/rollup-linux-powerpc64le-gnu/-/rollup-linux-powerpc64le-gnu-4.17.2.tgz#94e69a8499b5cf368911b83a44bb230782aeb571"
  integrity sha512-T19My13y8uYXPw/L/k0JYaX1fJKFT/PWdXiHr8mTbXWxjVF1t+8Xl31DgBBvEKclw+1b00Chg0hxE2O7bTG7GQ==

"@rollup/rollup-linux-riscv64-gnu@4.17.2":
  version "4.17.2"
  resolved "https://registry.yarnpkg.com/@rollup/rollup-linux-riscv64-gnu/-/rollup-linux-riscv64-gnu-4.17.2.tgz#7ef1c781c7e59e85a6ce261cc95d7f1e0b56db0f"
  integrity sha512-BOaNfthf3X3fOWAB+IJ9kxTgPmMqPPH5f5k2DcCsRrBIbWnaJCgX2ll77dV1TdSy9SaXTR5iDXRL8n7AnoP5cg==

"@rollup/rollup-linux-s390x-gnu@4.17.2":
  version "4.17.2"
  resolved "https://registry.yarnpkg.com/@rollup/rollup-linux-s390x-gnu/-/rollup-linux-s390x-gnu-4.17.2.tgz#f15775841c3232fca9b78cd25a7a0512c694b354"
  integrity sha512-W0UP/x7bnn3xN2eYMql2T/+wpASLE5SjObXILTMPUBDB/Fg/FxC+gX4nvCfPBCbNhz51C+HcqQp2qQ4u25ok6g==

"@rollup/rollup-linux-x64-gnu@4.17.2":
  version "4.17.2"
  resolved "https://registry.yarnpkg.com/@rollup/rollup-linux-x64-gnu/-/rollup-linux-x64-gnu-4.17.2.tgz#b521d271798d037ad70c9f85dd97d25f8a52e811"
  integrity sha512-Hy7pLwByUOuyaFC6mAr7m+oMC+V7qyifzs/nW2OJfC8H4hbCzOX07Ov0VFk/zP3kBsELWNFi7rJtgbKYsav9QQ==

"@rollup/rollup-linux-x64-musl@4.17.2":
  version "4.17.2"
  resolved "https://registry.yarnpkg.com/@rollup/rollup-linux-x64-musl/-/rollup-linux-x64-musl-4.17.2.tgz#9254019cc4baac35800991315d133cc9fd1bf385"
  integrity sha512-h1+yTWeYbRdAyJ/jMiVw0l6fOOm/0D1vNLui9iPuqgRGnXA0u21gAqOyB5iHjlM9MMfNOm9RHCQ7zLIzT0x11Q==

"@rollup/rollup-win32-arm64-msvc@4.17.2":
  version "4.17.2"
  resolved "https://registry.yarnpkg.com/@rollup/rollup-win32-arm64-msvc/-/rollup-win32-arm64-msvc-4.17.2.tgz#27f65a89f6f52ee9426ec11e3571038e4671790f"
  integrity sha512-tmdtXMfKAjy5+IQsVtDiCfqbynAQE/TQRpWdVataHmhMb9DCoJxp9vLcCBjEQWMiUYxO1QprH/HbY9ragCEFLA==

"@rollup/rollup-win32-ia32-msvc@4.17.2":
  version "4.17.2"
  resolved "https://registry.yarnpkg.com/@rollup/rollup-win32-ia32-msvc/-/rollup-win32-ia32-msvc-4.17.2.tgz#a2fbf8246ed0bb014f078ca34ae6b377a90cb411"
  integrity sha512-7II/QCSTAHuE5vdZaQEwJq2ZACkBpQDOmQsE6D6XUbnBHW8IAhm4eTufL6msLJorzrHDFv3CF8oCA/hSIRuZeQ==

"@rollup/rollup-win32-x64-msvc@4.17.2":
  version "4.17.2"
  resolved "https://registry.yarnpkg.com/@rollup/rollup-win32-x64-msvc/-/rollup-win32-x64-msvc-4.17.2.tgz#5a2d08b81e8064b34242d5cc9973ef8dd1e60503"
  integrity sha512-TGGO7v7qOq4CYmSBVEYpI1Y5xDuCEnbVC5Vth8mOsW0gDSzxNrVERPc790IGHsrT2dQSimgMr9Ub3Y1Jci5/8w==

"@types/codemirror@5.60.8":
  version "5.60.8"
  resolved "https://registry.yarnpkg.com/@types/codemirror/-/codemirror-5.60.8.tgz#b647d04b470e8e1836dd84b2879988fc55c9de68"
  integrity sha512-VjFgDF/eB+Aklcy15TtOTLQeMjTo07k7KAjql8OK5Dirr7a6sJY4T1uVBDuTVG9VEmn1uUsohOpYnVfgC6/jyw==
  dependencies:
    "@types/tern" "*"

"@types/estree@*":
  version "0.0.50"
  resolved "https://registry.yarnpkg.com/@types/estree/-/estree-0.0.50.tgz#1e0caa9364d3fccd2931c3ed96fdbeaa5d4cca83"
  integrity sha512-C6N5s2ZFtuZRj54k2/zyRhNDjJwwcViAM3Nbm8zjBpbqAdZ00mr0CFxvSKeO8Y/e03WVFLpQMdHYVfUd6SB+Hw==

"@types/estree@1.0.5", "@types/estree@^1.0.0":
  version "1.0.5"
  resolved "https://registry.yarnpkg.com/@types/estree/-/estree-1.0.5.tgz#a6ce3e556e00fd9895dd872dd172ad0d4bd687f4"
  integrity sha512-/kYRxGDLWzHOB7q+wtSUQlFrtcdUccpfy+X+9iMBpHK8QLLhx2wIPYuS5DYtR9Wa/YlZAbIovy7qVdB1Aq6Lyw==

"@types/moment@2.13.0":
  version "2.13.0"
  resolved "https://registry.yarnpkg.com/@types/moment/-/moment-2.13.0.tgz#604ebd189bc3bc34a1548689404e61a2a4aac896"
  integrity sha1-YE69GJvDvDShVIaJQE5hoqSqyJY=
  dependencies:
    moment "*"

"@types/node@^20.12.10":
  version "20.12.10"
  resolved "https://registry.yarnpkg.com/@types/node/-/node-20.12.10.tgz#8f0c3f12b0f075eee1fe20c1afb417e9765bef76"
  integrity sha512-Eem5pH9pmWBHoGAT8Dr5fdc5rYA+4NAovdM4EktRPVAAiJhmWWfQrA0cFhAbOsQdSfIHjAud6YdkbL69+zSKjw==
  dependencies:
    undici-types "~5.26.4"

"@types/numeral@^2.0.5":
  version "2.0.5"
  resolved "https://registry.yarnpkg.com/@types/numeral/-/numeral-2.0.5.tgz#388e5c4ff4b0e1787f130753cbbe83d3ba770858"
  integrity sha512-kH8I7OSSwQu9DS9JYdFWbuvhVzvFRoCPCkGxNwoGgaPeDfEPJlcxNvEOypZhQ3XXHsGbfIuYcxcJxKUfJHnRfw==

"@types/resolve@1.20.2":
  version "1.20.2"
  resolved "https://registry.yarnpkg.com/@types/resolve/-/resolve-1.20.2.tgz#97d26e00cd4a0423b4af620abecf3e6f442b7975"
  integrity sha512-60BCwRFOZCQhDncwQdxxeOEEkbc5dIMccYLwbxsS4TUNeVECQ/pBJ0j09mrHOl/JJvpRPGwO9SvE4nR2Nb/a4Q==

"@types/tern@*":
  version "0.23.4"
  resolved "https://registry.yarnpkg.com/@types/tern/-/tern-0.23.4.tgz#03926eb13dbeaf3ae0d390caf706b2643a0127fb"
  integrity sha512-JAUw1iXGO1qaWwEOzxTKJZ/5JxVeON9kvGZ/osgZaJImBnyjyn0cjovPsf6FNLmyGY8Vw9DoXZCMlfMkMwHRWg==
  dependencies:
    "@types/estree" "*"

balanced-match@^1.0.0:
  version "1.0.2"
  resolved "https://registry.yarnpkg.com/balanced-match/-/balanced-match-1.0.2.tgz#e83e3a7e3f300b34cb9d87f615fa0cbf357690ee"
  integrity sha512-3oSeUO0TMV67hN1AmbXsK4yaqU7tjiHlbxRDZOpH0KW9+CeX4bRAaX0Anxt0tx2MrpRpWwQaPwIlISEJhYU5Pw==

brace-expansion@^2.0.1:
  version "2.0.1"
  resolved "https://registry.yarnpkg.com/brace-expansion/-/brace-expansion-2.0.1.tgz#1edc459e0f0c548486ecf9fc99f2221364b9a0ae"
  integrity sha512-XnAIvQ8eM+kC6aULx6wuQiwVsnzsi9d3WxzV3FpWTGA19F621kwdbsAcFKXgKUHZWsy+mY6iL1sHTxWEFCytDA==
  dependencies:
    balanced-match "^1.0.0"

builtin-modules@^3.3.0:
  version "3.3.0"
  resolved "https://registry.yarnpkg.com/builtin-modules/-/builtin-modules-3.3.0.tgz#cae62812b89801e9656336e46223e030386be7b6"
  integrity sha512-zhaCDicdLuWN5UbN5IMnFqNMhNfo919sH85y2/ea+5Yg9TsTkeZxpL+JLbp6cgYFS4sRLp3YV4S6yDuqVWHYOw==

commondir@^1.0.1:
  version "1.0.1"
  resolved "https://registry.yarnpkg.com/commondir/-/commondir-1.0.1.tgz#ddd800da0c66127393cca5950ea968a3aaf1253b"
  integrity sha1-3dgA2gxmEnOTzKWVDqloo6rxJTs=

deepmerge@^4.2.2:
  version "4.2.2"
  resolved "https://registry.yarnpkg.com/deepmerge/-/deepmerge-4.2.2.tgz#44d2ea3679b8f4d4ffba33f03d865fc1e7bf4955"
  integrity sha512-FJ3UgI4gIl+PHZm53knsuSFpE+nESMr7M4v9QcgB7S63Kj/6WqMiFQJpBBYz1Pt+66bZpP3Q7Lye0Oo9MPKEdg==

estree-walker@^2.0.2:
  version "2.0.2"
  resolved "https://registry.yarnpkg.com/estree-walker/-/estree-walker-2.0.2.tgz#52f010178c2a4c117a7757cfe942adb7d2da4cac"
  integrity sha512-Rfkk/Mp/DL7JVje3u18FxFujQlTNR2q6QfMSMB7AvCBx91NGj/ba3kCfza0f6dVDbw7YlRf/nDrn7pQrCCyQ/w==

fs.realpath@^1.0.0:
  version "1.0.0"
  resolved "https://registry.yarnpkg.com/fs.realpath/-/fs.realpath-1.0.0.tgz#1504ad2523158caa40db4a2787cb01411994ea4f"
  integrity sha1-FQStJSMVjKpA20onh8sBQRmU6k8=

fsevents@~2.3.2:
  version "2.3.2"
  resolved "https://registry.yarnpkg.com/fsevents/-/fsevents-2.3.2.tgz#8a526f78b8fdf4623b709e0b975c52c24c02fd1a"
  integrity sha512-xiqMQR4xAeHTuB9uWm+fFRcIOgKBMiOBP+eXiyT7jsgVCq1bkVygt00oASowB7EdtpOHaaPgKt812P9ab+DDKA==

function-bind@^1.1.2:
  version "1.1.2"
  resolved "https://registry.yarnpkg.com/function-bind/-/function-bind-1.1.2.tgz#2c02d864d97f3ea6c8830c464cbd11ab6eab7a1c"
  integrity sha512-7XHNxH7qX9xG5mIwxkhumTox/MIRNcOgDrxWsMt2pAr23WHp6MrRlN7FBSFpCpr+oVO0F744iUgR82nJMfG2SA==

glob@^8.0.3:
  version "8.1.0"
  resolved "https://registry.yarnpkg.com/glob/-/glob-8.1.0.tgz#d388f656593ef708ee3e34640fdfb99a9fd1c33e"
  integrity sha512-r8hpEjiQEYlF2QU0df3dS+nxxSIreXQS1qRhMJM0Q5NDdR386C7jb7Hwwod8Fgiuex+k0GFjgft18yvxm5XoCQ==
  dependencies:
    fs.realpath "^1.0.0"
    inflight "^1.0.4"
    inherits "2"
    minimatch "^5.0.1"
    once "^1.3.0"

hasown@^2.0.0:
  version "2.0.2"
  resolved "https://registry.yarnpkg.com/hasown/-/hasown-2.0.2.tgz#003eaf91be7adc372e84ec59dc37252cedb80003"
  integrity sha512-0hJU9SCPvmMzIBdZFqNPXWa6dqh7WdH0cII9y+CyS8rG3nL48Bclra9HmKhVVUHyPWNH5Y7xDwAB7bfgSjkUMQ==
  dependencies:
    function-bind "^1.1.2"

inflight@^1.0.4:
  version "1.0.6"
  resolved "https://registry.yarnpkg.com/inflight/-/inflight-1.0.6.tgz#49bd6331d7d02d0c09bc910a1075ba8165b56df9"
  integrity sha1-Sb1jMdfQLQwJvJEKEHW6gWW1bfk=
  dependencies:
    once "^1.3.0"
    wrappy "1"

inherits@2:
  version "2.0.4"
  resolved "https://registry.yarnpkg.com/inherits/-/inherits-2.0.4.tgz#0fa2c64f932917c3433a0ded55363aae37416b7c"
  integrity sha512-k/vGaX4/Yla3WzyMCvTQOXYeIHvqOKtnqBduzTHpzpQZzAskKMhZ2K+EnBiSM9zGSoIFeMpXKxa4dYeZIQqewQ==

is-builtin-module@^3.2.1:
  version "3.2.1"
  resolved "https://registry.yarnpkg.com/is-builtin-module/-/is-builtin-module-3.2.1.tgz#f03271717d8654cfcaf07ab0463faa3571581169"
  integrity sha512-BSLE3HnV2syZ0FK0iMA/yUGplUeMmNz4AW5fnTunbCIqZi4vG3WjJT9FHMy5D69xmAYBHXQhJdALdpwVxV501A==
  dependencies:
    builtin-modules "^3.3.0"

is-core-module@^2.13.0:
  version "2.13.1"
  resolved "https://registry.yarnpkg.com/is-core-module/-/is-core-module-2.13.1.tgz#ad0d7532c6fea9da1ebdc82742d74525c6273384"
  integrity sha512-hHrIjvZsftOsvKSn2TRYl63zvxsgE0K+0mYMoH6gD4omR5IWB2KynivBQczo3+wF1cCkjzvptnI9Q0sPU66ilw==
  dependencies:
    hasown "^2.0.0"

is-module@^1.0.0:
  version "1.0.0"
  resolved "https://registry.yarnpkg.com/is-module/-/is-module-1.0.0.tgz#3258fb69f78c14d5b815d664336b4cffb6441591"
  integrity sha1-Mlj7afeMFNW4FdZkM2tM/7ZEFZE=

is-reference@1.2.1:
  version "1.2.1"
  resolved "https://registry.yarnpkg.com/is-reference/-/is-reference-1.2.1.tgz#8b2dac0b371f4bc994fdeaba9eb542d03002d0b7"
  integrity sha512-U82MsXXiFIrjCK4otLT+o2NA2Cd2g5MLoOVXUZjIOhLurrRxpEXzI8O0KZHr3IjLvlAH1kTPYSuqer5T9ZVBKQ==
  dependencies:
    "@types/estree" "*"

magic-string@^0.30.3:
  version "0.30.10"
  resolved "https://registry.yarnpkg.com/magic-string/-/magic-string-0.30.10.tgz#123d9c41a0cb5640c892b041d4cfb3bd0aa4b39e"
  integrity sha512-iIRwTIf0QKV3UAnYK4PU8uiEc4SRh5jX0mwpIwETPpHdhVM4f53RSwS/vXvN1JhGX+Cs7B8qIq3d6AH49O5fAQ==
  dependencies:
    "@jridgewell/sourcemap-codec" "^1.4.15"

minimatch@^5.0.1:
  version "5.1.6"
  resolved "https://registry.yarnpkg.com/minimatch/-/minimatch-5.1.6.tgz#1cfcb8cf5522ea69952cd2af95ae09477f122a96"
  integrity sha512-lKwV/1brpG6mBUFHtb7NUmtABCb2WZZmm2wNiOA5hAb8VdCS4B3dtMWyvcoViccwAW/COERjXLt0zP1zXUN26g==
  dependencies:
    brace-expansion "^2.0.1"

moment@*:
  version "2.29.1"
  resolved "https://registry.yarnpkg.com/moment/-/moment-2.29.1.tgz#b2be769fa31940be9eeea6469c075e35006fa3d3"
  integrity sha512-kHmoybcPV8Sqy59DwNDY3Jefr64lK/by/da0ViFcuA4DH0vQg5Q6Ze5VimxkfQNSC+Mls/Kx53s7TjP1RhFEDQ==

moment@2.29.4:
  version "2.29.4"
  resolved "https://registry.yarnpkg.com/moment/-/moment-2.29.4.tgz#3dbe052889fe7c1b2ed966fcb3a77328964ef108"
  integrity sha512-5LC9SOxjSc2HF6vO2CyuTDNivEdoz2IvyJJGj6X8DJ0eFyfszE0QiEd+iXmBvUP3WHxSjFH/vIsA0EN00cgr8w==

numeral@^2.0.6:
  version "2.0.6"
  resolved "https://registry.yarnpkg.com/numeral/-/numeral-2.0.6.tgz#4ad080936d443c2561aed9f2197efffe25f4e506"
  integrity sha1-StCAk21EPCVhrtnyGX7//iX05QY=

obsidian@^1.5.7-1:
  version "1.5.7-1"
  resolved "https://registry.yarnpkg.com/obsidian/-/obsidian-1.5.7-1.tgz#6e367f015f6a1b6b13204135434bbe3c04d4dfc3"
  integrity sha512-T5ZRuQ1FnfXqEoakTTHVDYvzUEEoT8zSPnQCW31PVgYwG4D4tZCQfKHN2hTz1ifnCe8upvwa6mBTAP2WUA5Vng==
  dependencies:
    "@types/codemirror" "5.60.8"
    moment "2.29.4"

once@^1.3.0:
  version "1.4.0"
  resolved "https://registry.yarnpkg.com/once/-/once-1.4.0.tgz#583b1aa775961d4b113ac17d9c50baef9dd76bd1"
  integrity sha1-WDsap3WWHUsROsF9nFC6753Xa9E=
  dependencies:
    wrappy "1"

path-parse@^1.0.7:
  version "1.0.7"
  resolved "https://registry.yarnpkg.com/path-parse/-/path-parse-1.0.7.tgz#fbc114b60ca42b30d9daf5858e4bd68bbedb6735"
  integrity sha512-LDJzPVEEEPR+y48z93A0Ed0yXb8pAByGWo/k5YYdYgpY2/2EsOsksJrq7lOHxryrVOn1ejG6oAp8ahvOIQD8sw==

picomatch@^2.3.1:
  version "2.3.1"
  resolved "https://registry.yarnpkg.com/picomatch/-/picomatch-2.3.1.tgz#3ba3833733646d9d3e4995946c1365a67fb07a42"
  integrity sha512-JU3teHTNjmE2VCGFzuY8EXzCDVwEqB2a8fsIvwaStHhAWJEeVd1o1QD80CU6+ZdEXXSLbSsuLwJjkCBWqRQUVA==

resolve@^1.22.1:
  version "1.22.8"
  resolved "https://registry.yarnpkg.com/resolve/-/resolve-1.22.8.tgz#b6c87a9f2aa06dfab52e3d70ac8cde321fa5a48d"
  integrity sha512-oKWePCxqpd6FlLvGV1VU0x7bkPmmCNolxzjMf4NczoDnQcIWrAF+cPtZn5i6n+RfD2d9i0tzpKnG6Yk168yIyw==
  dependencies:
    is-core-module "^2.13.0"
    path-parse "^1.0.7"
    supports-preserve-symlinks-flag "^1.0.0"

rollup@^4.17.2:
  version "4.17.2"
  resolved "https://registry.yarnpkg.com/rollup/-/rollup-4.17.2.tgz#26d1785d0144122277fdb20ab3a24729ae68301f"
  integrity sha512-/9ClTJPByC0U4zNLowV1tMBe8yMEAxewtR3cUNX5BoEpGH3dQEWpJLr6CLp0fPdYRF/fzVOgvDb1zXuakwF5kQ==
  dependencies:
    "@types/estree" "1.0.5"
  optionalDependencies:
    "@rollup/rollup-android-arm-eabi" "4.17.2"
    "@rollup/rollup-android-arm64" "4.17.2"
    "@rollup/rollup-darwin-arm64" "4.17.2"
    "@rollup/rollup-darwin-x64" "4.17.2"
    "@rollup/rollup-linux-arm-gnueabihf" "4.17.2"
    "@rollup/rollup-linux-arm-musleabihf" "4.17.2"
    "@rollup/rollup-linux-arm64-gnu" "4.17.2"
    "@rollup/rollup-linux-arm64-musl" "4.17.2"
    "@rollup/rollup-linux-powerpc64le-gnu" "4.17.2"
    "@rollup/rollup-linux-riscv64-gnu" "4.17.2"
    "@rollup/rollup-linux-s390x-gnu" "4.17.2"
    "@rollup/rollup-linux-x64-gnu" "4.17.2"
    "@rollup/rollup-linux-x64-musl" "4.17.2"
    "@rollup/rollup-win32-arm64-msvc" "4.17.2"
    "@rollup/rollup-win32-ia32-msvc" "4.17.2"
    "@rollup/rollup-win32-x64-msvc" "4.17.2"
    fsevents "~2.3.2"

supports-preserve-symlinks-flag@^1.0.0:
  version "1.0.0"
  resolved "https://registry.yarnpkg.com/supports-preserve-symlinks-flag/-/supports-preserve-symlinks-flag-1.0.0.tgz#6eda4bd344a3c94aea376d4cc31bc77311039e09"
  integrity sha512-ot0WnXS9fgdkgIcePe6RHNk1WA8+muPa6cSjeR3V8K27q9BB1rTE3R1p7Hv0z1ZyAc8s6Vvv8DIyWf681MAt0w==

tslib@^2.6.2:
  version "2.6.2"
  resolved "https://registry.yarnpkg.com/tslib/-/tslib-2.6.2.tgz#703ac29425e7b37cd6fd456e92404d46d1f3e4ae"
  integrity sha512-AEYxH93jGFPn/a2iVAwW87VuUIkR1FVUKB77NwMF7nBTDkDrrT/Hpt/IrCJ0QXhW27jTBDcf5ZY7w6RiqTMw2Q==

typescript@^5.4.5:
  version "5.4.5"
  resolved "https://registry.yarnpkg.com/typescript/-/typescript-5.4.5.tgz#42ccef2c571fdbd0f6718b1d1f5e6e5ef006f611"
  integrity sha512-vcI4UpRgg81oIRUFwR0WSIHKt11nJ7SAVlYNIu+QpqeyXP+gpQJy/Z4+F0aGxSE4MqwjyXvW/TzgkLAx2AGHwQ==

undici-types@~5.26.4:
  version "5.26.5"
  resolved "https://registry.yarnpkg.com/undici-types/-/undici-types-5.26.5.tgz#bcd539893d00b56e964fd2657a4866b221a65617"
  integrity sha512-JlCMO+ehdEIKqlFxk6IfVoAUVmgz7cU7zD/h9XZ0qzeosSHmUJVOzSQvvYSYWXkFXC+IfLKSIffhv0sVZup6pA==

wrappy@1:
  version "1.0.2"
  resolved "https://registry.yarnpkg.com/wrappy/-/wrappy-1.0.2.tgz#b5243d8f3ec1aa35f1364605bc0d1036e30ab69f"
  integrity sha1-tSQ9jz7BqjXxNkYFvA0QNuMKtp8=
